
Microsoft Visual Studio Solution File, Format Version 12.00
# Visual Studio Version 17
VisualStudioVersion = 17.5.33414.496
MinimumVisualStudioVersion = 10.0.40219.1
Project("{FAE04EC0-301F-11D3-BF4B-00C04F79EFBC}") = "Feedbuf", "Feedbuf.csproj", "{52BD266F-91D2-4FB2-8977-489A26ACD817}"
EndProject
Global
	GlobalSection(SolutionConfigurationPlatforms) = preSolution
		Debug|Any CPU = Debug|Any CPU
		Release|Any CPU = Release|Any CPU
	EndGlobalSection
	GlobalSection(ProjectConfigurationPlatforms) = postSolution
		{52BD266F-91D2-4FB2-8977-489A26ACD817}.Debug|Any CPU.ActiveCfg = Debug|Any CPU
		{52BD266F-91D2-4FB2-8977-489A26ACD817}.Debug|Any CPU.Build.0 = Debug|Any CPU
		{52BD266F-91D2-4FB2-8977-489A26ACD817}.Release|Any CPU.ActiveCfg = Release|Any CPU
		{52BD266F-91D2-4FB2-8977-489A26ACD817}.Release|Any CPU.Build.0 = Release|Any CPU
	EndGlobalSection
	GlobalSection(SolutionProperties) = preSolution
		HideSolutionNode = FALSE
	EndGlobalSection
	GlobalSection(ExtensibilityGlobals) = postSolution
		SolutionGuid = {CC6EEA0F-B76D-49C4-8994-33581C3BDEEE}
	EndGlobalSection
EndGlobal
